{
  "originHash" : "7dbbe89d641fe5b2855a8e53381b6757a5b342af9714cf8e9640ec9c41d19d7a",
  "pins" : [
    {
      "identity" : "bdk-swift",
      "kind" : "remoteSourceControl",
      "location" : "https://github.com/bitcoindevkit/bdk-swift",
      "state" : {
        "revision" : "92ecb88e7568ef77aadefb062382988d12be57dd",
        "version" : "1.2.0"
      }
    },
    {
      "identity" : "idensicmobilesdk-ios",
      "kind" : "remoteSourceControl",
      "location" : "https://github.com/SumSubstance/IdensicMobileSDK-iOS",
      "state" : {
        "revision" : "de2d8f77baaa5b1bb2ca475d4b6fffa21529be67",
        "version" : "1.36.0"
      }
    },
    {
      "identity" : "keychainaccess",
      "kind" : "remoteSourceControl",
      "location" : "https://github.com/kishikawakatsumi/KeychainAccess",
      "state" : {
        "revision" : "84e546727d66f1adc5439debad16270d0fdd04e7",
        "version" : "4.2.2"
      }
    },
    {
      "identity" : "openssl",
      "kind" : "remoteSourceControl",
      "location" : "https://github.com/krzyzanowskim/OpenSSL",
      "state" : {
        "revision" : "623c84da314e85363236507ca38a4bde65df21c3",
        "version" : "3.3.3001"
      }
    },
    {
      "identity" : "twilio-video-ios",
      "kind" : "remoteSourceControl",
      "location" : "https://github.com/twilio/twilio-video-ios",
      "state" : {
        "revision" : "a896521ecf73844731f00ed62f7d5afa487e0b3a",
        "version" : "5.9.0"
      }
    }
  ],
  "version" : 3
}
