{
  "originHash" : "871171bcfaf06ad2bb7c6d91629086cd2486b52c5477a1566586893ead2ec523",
  "pins" : [
    {
      "identity" : "bdk-swift",
      "kind" : "remoteSourceControl",
      "location" : "https://github.com/bitcoindevkit/bdk-swift",
      "state" : {
        "revision" : "92ecb88e7568ef77aadefb062382988d12be57dd",
        "version" : "1.2.0"
      }
    },
    {
      "identity" : "idensicmobilesdk-ios",
      "kind" : "remoteSourceControl",
      "location" : "https://github.com/SumSubstance/IdensicMobileSDK-iOS",
      "state" : {
        "revision" : "3f7b0c13a1206961ed53dc8350542f0ba4c9d264",
        "version" : "1.36.1"
      }
    },
    {
      "identity" : "keychainaccess",
      "kind" : "remoteSourceControl",
      "location" : "https://github.com/kishikawakatsumi/KeychainAccess",
      "state" : {
        "revision" : "84e546727d66f1adc5439debad16270d0fdd04e7",
        "version" : "4.2.2"
      }
    },
    {
      "identity" : "openssl",
      "kind" : "remoteSourceControl",
      "location" : "https://github.com/krzyzanowskim/OpenSSL",
      "state" : {
        "revision" : "623c84da314e85363236507ca38a4bde65df21c3",
        "version" : "3.3.3001"
      }
    },
    {
      "identity" : "twilio-video-ios",
      "kind" : "remoteSourceControl",
      "location" : "https://github.com/twilio/twilio-video-ios",
      "state" : {
        "revision" : "a896521ecf73844731f00ed62f7d5afa487e0b3a",
        "version" : "5.9.0"
      }
    }
  ],
  "version" : 3
}
